
Microsoft Visual Studio Solution File, Format Version 12.00
Project("{FAE04EC0-301F-11D3-BF4B-00C04F79EFBC}") = "Labb4_Generic_Collections", "Labb4_Generic_Collections\Labb4_Generic_Collections.csproj", "{2558DC50-08E9-4423-815F-9B0A962CE81B}"
EndProject
Global
	GlobalSection(SolutionConfigurationPlatforms) = preSolution
		Debug|Any CPU = Debug|Any CPU
		Release|Any CPU = Release|Any CPU
	EndGlobalSection
	GlobalSection(ProjectConfigurationPlatforms) = postSolution
		{2558DC50-08E9-4423-815F-9B0A962CE81B}.Debug|Any CPU.ActiveCfg = Debug|Any CPU
		{2558DC50-08E9-4423-815F-9B0A962CE81B}.Debug|Any CPU.Build.0 = Debug|Any CPU
		{2558DC50-08E9-4423-815F-9B0A962CE81B}.Release|Any CPU.ActiveCfg = Release|Any CPU
		{2558DC50-08E9-4423-815F-9B0A962CE81B}.Release|Any CPU.Build.0 = Release|Any CPU
	EndGlobalSection
EndGlobal
